Microsoft Visual Studio Solution File, Format Version 12.00
# Visual Studio Version 17
VisualStudioVersion = 17.0.31903.59
MinimumVisualStudioVersion = 10.0.40219.1
Project("{FAE04EC0-301F-11D3-BF4B-00C04F79EFBC}") = "SpectrumWebForms", "SpectrumWebForms.csproj", "{C8A71A53-9A6F-4F21-83D4-2D0D4F84A1B7}"
EndProject
Global
	GlobalSection(SolutionConfigurationPlatforms) = preSolution
		Debug|Any CPU = Debug|Any CPU
		Release|Any CPU = Release|Any CPU
	EndGlobalSection
	GlobalSection(ProjectConfigurationPlatforms) = postSolution
		{C8A71A53-9A6F-4F21-83D4-2D0D4F84A1B7}.Debug|Any CPU.ActiveCfg = Debug|Any CPU
		{C8A71A53-9A6F-4F21-83D4-2D0D4F84A1B7}.Debug|Any CPU.Build.0 = Debug|Any CPU
		{C8A71A53-9A6F-4F21-83D4-2D0D4F84A1B7}.Release|Any CPU.ActiveCfg = Release|Any CPU
		{C8A71A53-9A6F-4F21-83D4-2D0D4F84A1B7}.Release|Any CPU.Build.0 = Release|Any CPU
	EndGlobalSection
	GlobalSection(SolutionProperties) = preSolution
		HideSolutionNode = FALSE
	EndGlobalSection
EndGlobal
